
Microsoft Visual Studio Solution File, Format Version 12.00
# Visual Studio Version 17
VisualStudioVersion = 17.0.32014.148
MinimumVisualStudioVersion = 10.0.40219.1
Project("{8BC9CEB8-8B4A-11D0-8D11-00A0C91BC942}") = "secretaryC", "secretaryC\secretaryC.vcxproj", "{69642DAF-E217-4F74-93A8-5F52C38E8CE4}"
EndProject
Global
	GlobalSection(SolutionConfigurationPlatforms) = preSolution
		Debug|x64 = Debug|x64
		Debug|x86 = Debug|x86
		Release|x64 = Release|x64
		Release|x86 = Release|x86
	EndGlobalSection
	GlobalSection(ProjectConfigurationPlatforms) = postSolution
		{69642DAF-E217-4F74-93A8-5F52C38E8CE4}.Debug|x64.ActiveCfg = Debug|x64
		{69642DAF-E217-4F74-93A8-5F52C38E8CE4}.Debug|x64.Build.0 = Debug|x64
		{69642DAF-E217-4F74-93A8-5F52C38E8CE4}.Debug|x86.ActiveCfg = Debug|Win32
		{69642DAF-E217-4F74-93A8-5F52C38E8CE4}.Debug|x86.Build.0 = Debug|Win32
		{69642DAF-E217-4F74-93A8-5F52C38E8CE4}.Release|x64.ActiveCfg = Release|x64
		{69642DAF-E217-4F74-93A8-5F52C38E8CE4}.Release|x64.Build.0 = Release|x64
		{69642DAF-E217-4F74-93A8-5F52C38E8CE4}.Release|x86.ActiveCfg = Release|Win32
		{69642DAF-E217-4F74-93A8-5F52C38E8CE4}.Release|x86.Build.0 = Release|Win32
	EndGlobalSection
	GlobalSection(SolutionProperties) = preSolution
		HideSolutionNode = FALSE
	EndGlobalSection
	GlobalSection(ExtensibilityGlobals) = postSolution
		SolutionGuid = {0CE84DD0-F8DE-4F35-83BD-4C1EF73783E1}
	EndGlobalSection
EndGlobal
